
Microsoft Visual Studio Solution File, Format Version 12.00
# Visual Studio 15
VisualStudioVersion = 15.0.28307.1525
MinimumVisualStudioVersion = 10.0.40219.1
Project("{FAE04EC0-301F-11D3-BF4B-00C04F79EFBC}") = "WpfApp15_1", "WpfApp15_1\WpfApp15_1.csproj", "{B9AB1157-417E-427C-A40E-A01146F492A4}"
EndProject
Global
	GlobalSection(SolutionConfigurationPlatforms) = preSolution
		Debug|Any CPU = Debug|Any CPU
		Release|Any CPU = Release|Any CPU
	EndGlobalSection
	GlobalSection(ProjectConfigurationPlatforms) = postSolution
		{B9AB1157-417E-427C-A40E-A01146F492A4}.Debug|Any CPU.ActiveCfg = Debug|Any CPU
		{B9AB1157-417E-427C-A40E-A01146F492A4}.Debug|Any CPU.Build.0 = Debug|Any CPU
		{B9AB1157-417E-427C-A40E-A01146F492A4}.Release|Any CPU.ActiveCfg = Release|Any CPU
		{B9AB1157-417E-427C-A40E-A01146F492A4}.Release|Any CPU.Build.0 = Release|Any CPU
	EndGlobalSection
	GlobalSection(SolutionProperties) = preSolution
		HideSolutionNode = FALSE
	EndGlobalSection
	GlobalSection(ExtensibilityGlobals) = postSolution
		SolutionGuid = {638198F5-8413-4C78-B344-9E71D333305C}
	EndGlobalSection
EndGlobal
